
Microsoft Visual Studio Solution File, Format Version 12.00
# Visual Studio Version 17
VisualStudioVersion = 17.0.31903.59
MinimumVisualStudioVersion = 10.0.40219.1
Project("{FAE04EC0-301F-11D3-BF4B-00C04F79EFBC}") = "SMSRateLimiter.API", "SMSRateLimiter.API\SMSRateLimiter.API.csproj", "{8F43D4CC-5C05-4021-9254-0E22D0E214A1}"
EndProject
Project("{FAE04EC0-301F-11D3-BF4B-00C04F79EFBC}") = "SMSRateLimiter.Core", "SMSRateLimiter.Core\SMSRateLimiter.Core.csproj", "{9FA657AC-59CD-4043-A05E-9881246B14F8}"
EndProject
Project("{FAE04EC0-301F-11D3-BF4B-00C04F79EFBC}") = "SMSRateLimiter.Tests", "SMSRateLimiter.Tests\SMSRateLimiter.Tests.csproj", "{630D6360-CF04-4BE8-9857-D1C3293B5971}"
EndProject
Global
	GlobalSection(SolutionConfigurationPlatforms) = preSolution
		Debug|Any CPU = Debug|Any CPU
		Debug|x64 = Debug|x64
		Debug|x86 = Debug|x86
		Release|Any CPU = Release|Any CPU
		Release|x64 = Release|x64
		Release|x86 = Release|x86
	EndGlobalSection
	GlobalSection(ProjectConfigurationPlatforms) = postSolution
		{8F43D4CC-5C05-4021-9254-0E22D0E214A1}.Debug|Any CPU.ActiveCfg = Debug|Any CPU
		{8F43D4CC-5C05-4021-9254-0E22D0E214A1}.Debug|Any CPU.Build.0 = Debug|Any CPU
		{8F43D4CC-5C05-4021-9254-0E22D0E214A1}.Debug|x64.ActiveCfg = Debug|Any CPU
		{8F43D4CC-5C05-4021-9254-0E22D0E214A1}.Debug|x64.Build.0 = Debug|Any CPU
		{8F43D4CC-5C05-4021-9254-0E22D0E214A1}.Debug|x86.ActiveCfg = Debug|Any CPU
		{8F43D4CC-5C05-4021-9254-0E22D0E214A1}.Debug|x86.Build.0 = Debug|Any CPU
		{8F43D4CC-5C05-4021-9254-0E22D0E214A1}.Release|Any CPU.ActiveCfg = Release|Any CPU
		{8F43D4CC-5C05-4021-9254-0E22D0E214A1}.Release|Any CPU.Build.0 = Release|Any CPU
		{8F43D4CC-5C05-4021-9254-0E22D0E214A1}.Release|x64.ActiveCfg = Release|Any CPU
		{8F43D4CC-5C05-4021-9254-0E22D0E214A1}.Release|x64.Build.0 = Release|Any CPU
		{8F43D4CC-5C05-4021-9254-0E22D0E214A1}.Release|x86.ActiveCfg = Release|Any CPU
		{8F43D4CC-5C05-4021-9254-0E22D0E214A1}.Release|x86.Build.0 = Release|Any CPU
		{9FA657AC-59CD-4043-A05E-9881246B14F8}.Debug|Any CPU.ActiveCfg = Debug|Any CPU
		{9FA657AC-59CD-4043-A05E-9881246B14F8}.Debug|Any CPU.Build.0 = Debug|Any CPU
		{9FA657AC-59CD-4043-A05E-9881246B14F8}.Debug|x64.ActiveCfg = Debug|Any CPU
		{9FA657AC-59CD-4043-A05E-9881246B14F8}.Debug|x64.Build.0 = Debug|Any CPU
		{9FA657AC-59CD-4043-A05E-9881246B14F8}.Debug|x86.ActiveCfg = Debug|Any CPU
		{9FA657AC-59CD-4043-A05E-9881246B14F8}.Debug|x86.Build.0 = Debug|Any CPU
		{9FA657AC-59CD-4043-A05E-9881246B14F8}.Release|Any CPU.ActiveCfg = Release|Any CPU
		{9FA657AC-59CD-4043-A05E-9881246B14F8}.Release|Any CPU.Build.0 = Release|Any CPU
		{9FA657AC-59CD-4043-A05E-9881246B14F8}.Release|x64.ActiveCfg = Release|Any CPU
		{9FA657AC-59CD-4043-A05E-9881246B14F8}.Release|x64.Build.0 = Release|Any CPU
		{9FA657AC-59CD-4043-A05E-9881246B14F8}.Release|x86.ActiveCfg = Release|Any CPU
		{9FA657AC-59CD-4043-A05E-9881246B14F8}.Release|x86.Build.0 = Release|Any CPU
		{630D6360-CF04-4BE8-9857-D1C3293B5971}.Debug|Any CPU.ActiveCfg = Debug|Any CPU
		{630D6360-CF04-4BE8-9857-D1C3293B5971}.Debug|Any CPU.Build.0 = Debug|Any CPU
		{630D6360-CF04-4BE8-9857-D1C3293B5971}.Debug|x64.ActiveCfg = Debug|Any CPU
		{630D6360-CF04-4BE8-9857-D1C3293B5971}.Debug|x64.Build.0 = Debug|Any CPU
		{630D6360-CF04-4BE8-9857-D1C3293B5971}.Debug|x86.ActiveCfg = Debug|Any CPU
		{630D6360-CF04-4BE8-9857-D1C3293B5971}.Debug|x86.Build.0 = Debug|Any CPU
		{630D6360-CF04-4BE8-9857-D1C3293B5971}.Release|Any CPU.ActiveCfg = Release|Any CPU
		{630D6360-CF04-4BE8-9857-D1C3293B5971}.Release|Any CPU.Build.0 = Release|Any CPU
		{630D6360-CF04-4BE8-9857-D1C3293B5971}.Release|x64.ActiveCfg = Release|Any CPU
		{630D6360-CF04-4BE8-9857-D1C3293B5971}.Release|x64.Build.0 = Release|Any CPU
		{630D6360-CF04-4BE8-9857-D1C3293B5971}.Release|x86.ActiveCfg = Release|Any CPU
		{630D6360-CF04-4BE8-9857-D1C3293B5971}.Release|x86.Build.0 = Release|Any CPU
	EndGlobalSection
	GlobalSection(SolutionProperties) = preSolution
		HideSolutionNode = FALSE
	EndGlobalSection
EndGlobal
