Microsoft Visual Studio Solution File, Format Version 12.00
# Visual Studio Version 17
VisualStudioVersion = 17.5.2.0
MinimumVisualStudioVersion = 10.0.40219.1
Project("{FAE04EC0-301F-11D3-BF4B-00C04F79EFBC}") = "SMSRateLimiter.API", "SMSRateLimiter.API.csproj", "{4D8634B1-C11F-F226-03A0-808EF5E44B9A}"
EndProject
Global
	GlobalSection(SolutionConfigurationPlatforms) = preSolution
		Debug|Any CPU = Debug|Any CPU
		Release|Any CPU = Release|Any CPU
	EndGlobalSection
	GlobalSection(ProjectConfigurationPlatforms) = postSolution
		{4D8634B1-C11F-F226-03A0-808EF5E44B9A}.Debug|Any CPU.ActiveCfg = Debug|Any CPU
		{4D8634B1-C11F-F226-03A0-808EF5E44B9A}.Debug|Any CPU.Build.0 = Debug|Any CPU
		{4D8634B1-C11F-F226-03A0-808EF5E44B9A}.Release|Any CPU.ActiveCfg = Release|Any CPU
		{4D8634B1-C11F-F226-03A0-808EF5E44B9A}.Release|Any CPU.Build.0 = Release|Any CPU
	EndGlobalSection
	GlobalSection(SolutionProperties) = preSolution
		HideSolutionNode = FALSE
	EndGlobalSection
	GlobalSection(ExtensibilityGlobals) = postSolution
		SolutionGuid = {D1066352-5A44-47CD-833E-D99BC558BF57}
	EndGlobalSection
EndGlobal
